
Microsoft Visual Studio Solution File, Format Version 12.00
Project("{FAE04EC0-301F-11D3-BF4B-00C04F79EFBC}") = "Protoculture.Postgres.Embedded", "Protoculture.Postgres.Embedded\Protoculture.Postgres.Embedded.csproj", "{195EE8C4-3579-43E5-85A3-F705550F241A}"
EndProject
Project("{FAE04EC0-301F-11D3-BF4B-00C04F79EFBC}") = "Protoculture.Postgres.Embedded.Test", "Protoculture.Postgres.Embedded.Test\Protoculture.Postgres.Embedded.Test.csproj", "{7E6359CD-29E8-4735-B1EF-0BF60933BF0C}"
EndProject
Global
	GlobalSection(SolutionConfigurationPlatforms) = preSolution
		Debug|Any CPU = Debug|Any CPU
		Release|Any CPU = Release|Any CPU
	EndGlobalSection
	GlobalSection(ProjectConfigurationPlatforms) = postSolution
		{195EE8C4-3579-43E5-85A3-F705550F241A}.Debug|Any CPU.ActiveCfg = Debug|AMD64
		{195EE8C4-3579-43E5-85A3-F705550F241A}.Debug|Any CPU.Build.0 = Debug|AMD64
		{7E6359CD-29E8-4735-B1EF-0BF60933BF0C}.Debug|Any CPU.ActiveCfg = Debug|Any CPU
		{7E6359CD-29E8-4735-B1EF-0BF60933BF0C}.Debug|Any CPU.Build.0 = Debug|Any CPU
		{7E6359CD-29E8-4735-B1EF-0BF60933BF0C}.Release|Any CPU.ActiveCfg = Release|Any CPU
		{7E6359CD-29E8-4735-B1EF-0BF60933BF0C}.Release|Any CPU.Build.0 = Release|Any CPU
	EndGlobalSection
EndGlobal
